<?xml version="1.0" encoding="utf-8"?>
<Project ToolsVersion="4.0" xmlns="http://schemas.microsoft.com/developer/msbuild/2003">
  <ItemGroup>
    <Filter Include="Source Files">
      <UniqueIdentifier>{4FC737F1-C7A5-4376-A066-2A32D752A2FF}</UniqueIdentifier>
      <Extensions>cpp;c;cc;cxx;def;odl;idl;hpj;bat;asm;asmx</Extensions>
    </Filter>
    <Filter Include="Header Files">
      <UniqueIdentifier>{93995380-89BD-4b04-88EB-625FBE52EBFB}</UniqueIdentifier>
      <Extensions>h;hh;hpp;hxx;hm;inl;inc;xsd</Extensions>
    </Filter>
    <Filter Include="Header Files\ShaderClass">
      <UniqueIdentifier>{7eb4958e-78ac-4fb8-a3c5-241662d8c1e8}</UniqueIdentifier>
    </Filter>
    <Filter Include="Source Files\ShaderClass">
      <UniqueIdentifier>{08b6ea8b-8090-4ae5-99ac-ce9b8391d4b2}</UniqueIdentifier>
    </Filter>
    <Filter Include="Header Files\SackState">
      <UniqueIdentifier>{2efb74f2-2d19-4f88-a541-ba37729d28d0}</UniqueIdentifier>
    </Filter>
    <Filter Include="Source Files\SackState">
      <UniqueIdentifier>{567498ae-12b8-47ee-a74b-040f00749a2f}</UniqueIdentifier>
    </Filter>
    <Filter Include="Header Files\GameObject">
      <UniqueIdentifier>{2440a77a-8ca7-4923-b4d8-7803c394adcf}</UniqueIdentifier>
    </Filter>
    <Filter Include="Header Files\Utility">
      <UniqueIdentifier>{860b78c5-94b2-4dc0-845c-76fe0cf1f8a1}</UniqueIdentifier>
    </Filter>
    <Filter Include="Header Files\Scenes">
      <UniqueIdentifier>{64244415-db20-4456-b55b-649840b5b7df}</UniqueIdentifier>
    </Filter>
    <Filter Include="Source Files\Collision">
      <UniqueIdentifier>{8fd8d597-6fc1-4473-ad33-9eb9ad6f45b7}</UniqueIdentifier>
    </Filter>
    <Filter Include="Header Files\Collision">
      <UniqueIdentifier>{106b5e26-d676-481b-8b31-9a50a0513e8e}</UniqueIdentifier>
    </Filter>
    <Filter Include="Source Files\GameObject">
      <UniqueIdentifier>{31e2ce95-806a-47c3-95be-9131a40ffa35}</UniqueIdentifier>
    </Filter>
    <Filter Include="Source Files\Scene">
      <UniqueIdentifier>{1a99263d-3043-4150-8332-c512cabe65bf}</UniqueIdentifier>
    </Filter>
    <Filter Include="Source Files\Utility">
      <UniqueIdentifier>{ad2497a1-2e52-4b6e-8f38-1386a2c77f36}</UniqueIdentifier>
    </Filter>
    <Filter Include="Header Files\PlayerSackState">
      <UniqueIdentifier>{de457946-0ce1-4f86-900b-ef7541241c80}</UniqueIdentifier>
    </Filter>
    <Filter Include="Shader Files">
      <UniqueIdentifier>{67DA6AB6-F800-4c08-8B7A-83BB121AAD01}</UniqueIdentifier>
      <Extensions>rc;ico;cur;bmp;dlg;rc2;rct;bin;rgs;gif;jpg;jpeg;jpe;resx;tiff;tif;png;wav;mfcribbon-ms</Extensions>
    </Filter>
    <Filter Include="Source Files\PlayerSackState">
      <UniqueIdentifier>{e0b7a9f5-644d-40b7-a1ef-16d1ef509f56}</UniqueIdentifier>
    </Filter>
    <Filter Include="Header Files\Utility\Manager">
      <UniqueIdentifier>{44f3d67a-5ed2-4f34-a81e-f5a7e5be8a30}</UniqueIdentifier>
    </Filter>
    <Filter Include="Source Files\Utility\Manager">
      <UniqueIdentifier>{3fe59147-38c5-46ab-8e79-61031bbd7e7e}</UniqueIdentifier>
    </Filter>
  </ItemGroup>
  <ItemGroup>
    <ClInclude Include="ColorShaderClass.h">
      <Filter>Header Files\ShaderClass</Filter>
    </ClInclude>
    <ClInclude Include="FPSClass.h">
      <Filter>Header Files\Utility</Filter>
    </ClInclude>
    <ClInclude Include="PositionClass.h">
      <Filter>Header Files\Utility</Filter>
    </ClInclude>
    <ClInclude Include="SystemClass.h">
      <Filter>Header Files\Utility</Filter>
    </ClInclude>
    <ClInclude Include="Macros.h">
      <Filter>Header Files\Utility</Filter>
    </ClInclude>
    <ClInclude Include="CPUClass.h">
      <Filter>Header Files\Utility</Filter>
    </ClInclude>
    <ClInclude Include="CameraClass.h">
      <Filter>Header Files\GameObject</Filter>
    </ClInclude>
    <ClInclude Include="D3DClass.h">
      <Filter>Header Files\Utility</Filter>
    </ClInclude>
    <ClInclude Include="GameClearScene.h">
      <Filter>Header Files\Scenes</Filter>
    </ClInclude>
    <ClInclude Include="GameScene.h">
      <Filter>Header Files\Scenes</Filter>
    </ClInclude>
    <ClInclude Include="InputClass.h">
      <Filter>Header Files\Utility</Filter>
    </ClInclude>
    <ClInclude Include="TextureShaderClass.h">
      <Filter>Header Files\ShaderClass</Filter>
    </ClInclude>
    <ClInclude Include="TimerClass.h">
      <Filter>Header Files\Utility</Filter>
    </ClInclude>
    <ClInclude Include="TitleScene.h">
      <Filter>Header Files\Scenes</Filter>
    </ClInclude>
    <ClInclude Include="TextureClass.h">
      <Filter>Header Files\Utility</Filter>
    </ClInclude>
    <ClInclude Include="SceneManager.h">
      <Filter>Header Files\Scenes</Filter>
    </ClInclude>
    <ClInclude Include="SceneHeaders.h">
      <Filter>Header Files\Scenes</Filter>
    </ClInclude>
    <ClInclude Include="GameObjectsList.h">
      <Filter>Header Files\GameObject</Filter>
    </ClInclude>
    <ClInclude Include="GameObjectBase.h">
      <Filter>Header Files\GameObject</Filter>
    </ClInclude>
    <ClInclude Include="HitBaseClass.h">
      <Filter>Header Files\Collision</Filter>
    </ClInclude>
    <ClInclude Include="HitBoxClass.h">
      <Filter>Header Files\Collision</Filter>
    </ClInclude>
    <ClInclude Include="HitSphereClass.h">
      <Filter>Header Files\Collision</Filter>
    </ClInclude>
    <ClInclude Include="MathUtility.h">
      <Filter>Header Files\Utility</Filter>
    </ClInclude>
    <ClInclude Include="BlockClass.h">
      <Filter>Header Files\GameObject</Filter>
    </ClInclude>
    <ClInclude Include="StageClass.h">
      <Filter>Header Files\GameObject</Filter>
    </ClInclude>
    <ClInclude Include="ModelClass.h">
      <Filter>Header Files\Utility</Filter>
    </ClInclude>
    <ClInclude Include="BumpMapShaderClass.h">
      <Filter>Header Files\ShaderClass</Filter>
    </ClInclude>
    <ClInclude Include="SackBaseClass.h">
      <Filter>Header Files\GameObject</Filter>
    </ClInclude>
    <ClInclude Include="DashingStateBase.h">
      <Filter>Header Files\SackState</Filter>
    </ClInclude>
    <ClInclude Include="FallingStateBase.h">
      <Filter>Header Files\SackState</Filter>
    </ClInclude>
    <ClInclude Include="JumpingStateBase.h">
      <Filter>Header Files\SackState</Filter>
    </ClInclude>
    <ClInclude Include="MidairStateBase.h">
      <Filter>Header Files\SackState</Filter>
    </ClInclude>
    <ClInclude Include="MoveStateBase.h">
      <Filter>Header Files\SackState</Filter>
    </ClInclude>
    <ClInclude Include="NormalStateBase.h">
      <Filter>Header Files\SackState</Filter>
    </ClInclude>
    <ClInclude Include="SackStateBase.h">
      <Filter>Header Files\SackState</Filter>
    </ClInclude>
    <ClInclude Include="SackStateBaseHeaders.h">
      <Filter>Header Files\SackState</Filter>
    </ClInclude>
    <ClInclude Include="P_DashingState.h">
      <Filter>Header Files\PlayerSackState</Filter>
    </ClInclude>
    <ClInclude Include="P_FallingState.h">
      <Filter>Header Files\PlayerSackState</Filter>
    </ClInclude>
    <ClInclude Include="P_FlipState.h">
      <Filter>Header Files\PlayerSackState</Filter>
    </ClInclude>
    <ClInclude Include="P_JumpingState.h">
      <Filter>Header Files\PlayerSackState</Filter>
    </ClInclude>
    <ClInclude Include="P_MidairState.h">
      <Filter>Header Files\PlayerSackState</Filter>
    </ClInclude>
    <ClInclude Include="P_MoveState.h">
      <Filter>Header Files\PlayerSackState</Filter>
    </ClInclude>
    <ClInclude Include="P_NormalState.h">
      <Filter>Header Files\PlayerSackState</Filter>
    </ClInclude>
    <ClInclude Include="PlayerStateHeader.h">
      <Filter>Header Files\PlayerSackState</Filter>
    </ClInclude>
    <ClInclude Include="PlayerState.h">
      <Filter>Header Files\PlayerSackState</Filter>
    </ClInclude>
    <ClInclude Include="PlayerClass.h">
      <Filter>Header Files\GameObject</Filter>
    </ClInclude>
    <ClInclude Include="RopeClass.h">
      <Filter>Header Files\GameObject</Filter>
    </ClInclude>
    <ClInclude Include="BeadsClass.h">
      <Filter>Header Files\GameObject</Filter>
    </ClInclude>
    <ClInclude Include="HitManager.h">
      <Filter>Header Files\Utility\Manager</Filter>
    </ClInclude>
    <ClInclude Include="ShaderManager.h">
      <Filter>Header Files\Utility\Manager</Filter>
    </ClInclude>
    <ClInclude Include="ModelAnimationClass.h">
      <Filter>Header Files\Utility</Filter>
    </ClInclude>
  </ItemGroup>
  <ItemGroup>
    <ClCompile Include="main.cpp">
      <Filter>Source Files</Filter>
    </ClCompile>
    <ClCompile Include="ColorShaderClass.cpp">
      <Filter>Source Files\ShaderClass</Filter>
    </ClCompile>
    <ClCompile Include="CameraClass.cpp">
      <Filter>Source Files\GameObject</Filter>
    </ClCompile>
    <ClCompile Include="GameObjectBase.cpp">
      <Filter>Source Files\GameObject</Filter>
    </ClCompile>
    <ClCompile Include="GameClearScene.cpp">
      <Filter>Source Files\Scene</Filter>
    </ClCompile>
    <ClCompile Include="GameScene.cpp">
      <Filter>Source Files\Scene</Filter>
    </ClCompile>
    <ClCompile Include="SceneManager.cpp">
      <Filter>Source Files\Scene</Filter>
    </ClCompile>
    <ClCompile Include="TitleScene.cpp">
      <Filter>Source Files\Scene</Filter>
    </ClCompile>
    <ClCompile Include="CPUClass.cpp">
      <Filter>Source Files\Utility</Filter>
    </ClCompile>
    <ClCompile Include="D3DClass.cpp">
      <Filter>Source Files\Utility</Filter>
    </ClCompile>
    <ClCompile Include="FPSClass.cpp">
      <Filter>Source Files\Utility</Filter>
    </ClCompile>
    <ClCompile Include="InputClass.cpp">
      <Filter>Source Files\Utility</Filter>
    </ClCompile>
    <ClCompile Include="PositionClass.cpp">
      <Filter>Source Files\Utility</Filter>
    </ClCompile>
    <ClCompile Include="SystemClass.cpp">
      <Filter>Source Files\Utility</Filter>
    </ClCompile>
    <ClCompile Include="TextureClass.cpp">
      <Filter>Source Files\Utility</Filter>
    </ClCompile>
    <ClCompile Include="TimerClass.cpp">
      <Filter>Source Files\Utility</Filter>
    </ClCompile>
    <ClCompile Include="TextureShaderClass.cpp">
      <Filter>Source Files\ShaderClass</Filter>
    </ClCompile>
    <ClCompile Include="HitBaseClass.cpp">
      <Filter>Source Files\Collision</Filter>
    </ClCompile>
    <ClCompile Include="HitBoxClass.cpp">
      <Filter>Source Files\Collision</Filter>
    </ClCompile>
    <ClCompile Include="HitSphereClass.cpp">
      <Filter>Source Files\Collision</Filter>
    </ClCompile>
    <ClCompile Include="MathUtility.cpp">
      <Filter>Source Files\Utility</Filter>
    </ClCompile>
    <ClCompile Include="BlockClass.cpp">
      <Filter>Source Files\GameObject</Filter>
    </ClCompile>
    <ClCompile Include="StageClass.cpp">
      <Filter>Source Files\GameObject</Filter>
    </ClCompile>
    <ClCompile Include="ModelClass.cpp">
      <Filter>Source Files\Utility</Filter>
    </ClCompile>
    <ClCompile Include="BumpMapShaderClass.cpp">
      <Filter>Source Files\ShaderClass</Filter>
    </ClCompile>
    <ClCompile Include="SackBaseClass.cpp">
      <Filter>Source Files\GameObject</Filter>
    </ClCompile>
    <ClCompile Include="SackStateBase.cpp">
      <Filter>Source Files\SackState</Filter>
    </ClCompile>
    <ClCompile Include="NormalStateBase.cpp">
      <Filter>Source Files\SackState</Filter>
    </ClCompile>
    <ClCompile Include="MoveStateBase.cpp">
      <Filter>Source Files\SackState</Filter>
    </ClCompile>
    <ClCompile Include="MidairStateBase.cpp">
      <Filter>Source Files\SackState</Filter>
    </ClCompile>
    <ClCompile Include="JumpingStateBase.cpp">
      <Filter>Source Files\SackState</Filter>
    </ClCompile>
    <ClCompile Include="FallingStateBase.cpp">
      <Filter>Source Files\SackState</Filter>
    </ClCompile>
    <ClCompile Include="DashingStateBase.cpp">
      <Filter>Source Files\SackState</Filter>
    </ClCompile>
    <ClCompile Include="P_DashingState.cpp">
      <Filter>Source Files\PlayerSackState</Filter>
    </ClCompile>
    <ClCompile Include="P_FallingState.cpp">
      <Filter>Source Files\PlayerSackState</Filter>
    </ClCompile>
    <ClCompile Include="P_FlipState.cpp">
      <Filter>Source Files\PlayerSackState</Filter>
    </ClCompile>
    <ClCompile Include="P_JumpingState.cpp">
      <Filter>Source Files\PlayerSackState</Filter>
    </ClCompile>
    <ClCompile Include="P_MidairState.cpp">
      <Filter>Source Files\PlayerSackState</Filter>
    </ClCompile>
    <ClCompile Include="P_MoveState.cpp">
      <Filter>Source Files\PlayerSackState</Filter>
    </ClCompile>
    <ClCompile Include="P_NormalState.cpp">
      <Filter>Source Files\PlayerSackState</Filter>
    </ClCompile>
    <ClCompile Include="PlayerState.cpp">
      <Filter>Source Files\PlayerSackState</Filter>
    </ClCompile>
    <ClCompile Include="PlayerClass.cpp">
      <Filter>Source Files\GameObject</Filter>
    </ClCompile>
    <ClCompile Include="RopeClass.cpp">
      <Filter>Source Files\GameObject</Filter>
    </ClCompile>
    <ClCompile Include="BeadsClass.cpp">
      <Filter>Source Files\GameObject</Filter>
    </ClCompile>
    <ClCompile Include="HitManager.cpp">
      <Filter>Source Files\Utility\Manager</Filter>
    </ClCompile>
    <ClCompile Include="ShaderManager.cpp">
      <Filter>Source Files\Utility\Manager</Filter>
    </ClCompile>
    <ClCompile Include="ModelAnimationClass.cpp">
      <Filter>Source Files\Utility</Filter>
    </ClCompile>
  </ItemGroup>
  <ItemGroup>
    <None Include="Resources\Shader\Color.ps">
      <Filter>Shader Files</Filter>
    </None>
    <None Include="Resources\Shader\Color.vs">
      <Filter>Shader Files</Filter>
    </None>
    <None Include="Resources\Shader\Texture.ps">
      <Filter>Shader Files</Filter>
    </None>
    <None Include="Resources\Shader\Texture.vs">
      <Filter>Shader Files</Filter>
    </None>
    <None Include="Resources\Shader\BumpMap.ps">
      <Filter>Shader Files</Filter>
    </None>
    <None Include="Resources\Shader\BumpMap.vs">
      <Filter>Shader Files</Filter>
    </None>
  </ItemGroup>
</Project>